
Microsoft Visual Studio Solution File, Format Version 12.00
# Visual Studio 15
Project("{8BC9CEB8-8B4A-11D0-8D11-00A0C91BC942}") = "ALL_BUILD", "ALL_BUILD.vcxproj", "{EF67B2A0-6829-3688-84C5-CFEE8C4BE946}"
	ProjectSection(ProjectDependencies) = postProject
		{6AC2CB92-57F6-3DE5-A040-99F50E5F26C4} = {6AC2CB92-57F6-3DE5-A040-99F50E5F26C4}
		{F4CD6983-A5FD-393A-8D41-2C00B72AC769} = {F4CD6983-A5FD-393A-8D41-2C00B72AC769}
		{68B5C4BE-05EA-353C-B06E-9B8D53366A49} = {68B5C4BE-05EA-353C-B06E-9B8D53366A49}
		{59D2B240-EEDE-32CB-A2AA-E0919753006B} = {59D2B240-EEDE-32CB-A2AA-E0919753006B}
		{3A1B91A3-208A-353C-AFB7-2DC49C02A88E} = {3A1B91A3-208A-353C-AFB7-2DC49C02A88E}
		{9BE68958-F4D0-308D-930C-B8A83094B4B1} = {9BE68958-F4D0-308D-930C-B8A83094B4B1}
	EndProjectSection
EndProject
Project("{8BC9CEB8-8B4A-11D0-8D11-00A0C91BC942}") = "INSTALL", "INSTALL.vcxproj", "{56E1308F-5996-3336-9920-E98814C75CE6}"
	ProjectSection(ProjectDependencies) = postProject
		{EF67B2A0-6829-3688-84C5-CFEE8C4BE946} = {EF67B2A0-6829-3688-84C5-CFEE8C4BE946}
		{F4CD6983-A5FD-393A-8D41-2C00B72AC769} = {F4CD6983-A5FD-393A-8D41-2C00B72AC769}
	EndProjectSection
EndProject
Project("{8BC9CEB8-8B4A-11D0-8D11-00A0C91BC942}") = "IrrXML", "contrib\irrXML\IrrXML.vcxproj", "{6AC2CB92-57F6-3DE5-A040-99F50E5F26C4}"
	ProjectSection(ProjectDependencies) = postProject
		{F4CD6983-A5FD-393A-8D41-2C00B72AC769} = {F4CD6983-A5FD-393A-8D41-2C00B72AC769}
	EndProjectSection
EndProject
Project("{8BC9CEB8-8B4A-11D0-8D11-00A0C91BC942}") = "UpdateAssimpLibsDebugSymbolsAndDLLs", "UpdateAssimpLibsDebugSymbolsAndDLLs.vcxproj", "{CFFED255-7AA7-31FE-8C4B-AEE9BA76C743}"
	ProjectSection(ProjectDependencies) = postProject
		{F4CD6983-A5FD-393A-8D41-2C00B72AC769} = {F4CD6983-A5FD-393A-8D41-2C00B72AC769}
	EndProjectSection
EndProject
Project("{8BC9CEB8-8B4A-11D0-8D11-00A0C91BC942}") = "ZERO_CHECK", "ZERO_CHECK.vcxproj", "{F4CD6983-A5FD-393A-8D41-2C00B72AC769}"
	ProjectSection(ProjectDependencies) = postProject
	EndProjectSection
EndProject
Project("{8BC9CEB8-8B4A-11D0-8D11-00A0C91BC942}") = "assimp", "code\assimp.vcxproj", "{68B5C4BE-05EA-353C-B06E-9B8D53366A49}"
	ProjectSection(ProjectDependencies) = postProject
		{6AC2CB92-57F6-3DE5-A040-99F50E5F26C4} = {6AC2CB92-57F6-3DE5-A040-99F50E5F26C4}
		{F4CD6983-A5FD-393A-8D41-2C00B72AC769} = {F4CD6983-A5FD-393A-8D41-2C00B72AC769}
		{9BE68958-F4D0-308D-930C-B8A83094B4B1} = {9BE68958-F4D0-308D-930C-B8A83094B4B1}
	EndProjectSection
EndProject
Project("{8BC9CEB8-8B4A-11D0-8D11-00A0C91BC942}") = "uninstall", "uninstall.vcxproj", "{9BDE4A37-F0B8-3E0A-92EE-25388BC8CBB4}"
	ProjectSection(ProjectDependencies) = postProject
		{F4CD6983-A5FD-393A-8D41-2C00B72AC769} = {F4CD6983-A5FD-393A-8D41-2C00B72AC769}
	EndProjectSection
EndProject
Project("{8BC9CEB8-8B4A-11D0-8D11-00A0C91BC942}") = "unit", "test\unit.vcxproj", "{59D2B240-EEDE-32CB-A2AA-E0919753006B}"
	ProjectSection(ProjectDependencies) = postProject
		{6AC2CB92-57F6-3DE5-A040-99F50E5F26C4} = {6AC2CB92-57F6-3DE5-A040-99F50E5F26C4}
		{F4CD6983-A5FD-393A-8D41-2C00B72AC769} = {F4CD6983-A5FD-393A-8D41-2C00B72AC769}
		{68B5C4BE-05EA-353C-B06E-9B8D53366A49} = {68B5C4BE-05EA-353C-B06E-9B8D53366A49}
		{9BE68958-F4D0-308D-930C-B8A83094B4B1} = {9BE68958-F4D0-308D-930C-B8A83094B4B1}
	EndProjectSection
EndProject
Project("{8BC9CEB8-8B4A-11D0-8D11-00A0C91BC942}") = "zlib", "contrib\zlib\zlib.vcxproj", "{3A1B91A3-208A-353C-AFB7-2DC49C02A88E}"
	ProjectSection(ProjectDependencies) = postProject
		{F4CD6983-A5FD-393A-8D41-2C00B72AC769} = {F4CD6983-A5FD-393A-8D41-2C00B72AC769}
	EndProjectSection
EndProject
Project("{8BC9CEB8-8B4A-11D0-8D11-00A0C91BC942}") = "zlibstatic", "contrib\zlib\zlibstatic.vcxproj", "{9BE68958-F4D0-308D-930C-B8A83094B4B1}"
	ProjectSection(ProjectDependencies) = postProject
		{F4CD6983-A5FD-393A-8D41-2C00B72AC769} = {F4CD6983-A5FD-393A-8D41-2C00B72AC769}
	EndProjectSection
EndProject
Global
	GlobalSection(SolutionConfigurationPlatforms) = preSolution
		Debug|x64 = Debug|x64
		Release|x64 = Release|x64
		MinSizeRel|x64 = MinSizeRel|x64
		RelWithDebInfo|x64 = RelWithDebInfo|x64
	EndGlobalSection
	GlobalSection(ProjectConfigurationPlatforms) = postSolution
		{EF67B2A0-6829-3688-84C5-CFEE8C4BE946}.Debug|x64.ActiveCfg = Debug|x64
		{EF67B2A0-6829-3688-84C5-CFEE8C4BE946}.Debug|x64.Build.0 = Debug|x64
		{EF67B2A0-6829-3688-84C5-CFEE8C4BE946}.Release|x64.ActiveCfg = Release|x64
		{EF67B2A0-6829-3688-84C5-CFEE8C4BE946}.Release|x64.Build.0 = Release|x64
		{EF67B2A0-6829-3688-84C5-CFEE8C4BE946}.MinSizeRel|x64.ActiveCfg = MinSizeRel|x64
		{EF67B2A0-6829-3688-84C5-CFEE8C4BE946}.MinSizeRel|x64.Build.0 = MinSizeRel|x64
		{EF67B2A0-6829-3688-84C5-CFEE8C4BE946}.RelWithDebInfo|x64.ActiveCfg = RelWithDebInfo|x64
		{EF67B2A0-6829-3688-84C5-CFEE8C4BE946}.RelWithDebInfo|x64.Build.0 = RelWithDebInfo|x64
		{56E1308F-5996-3336-9920-E98814C75CE6}.Debug|x64.ActiveCfg = Debug|x64
		{56E1308F-5996-3336-9920-E98814C75CE6}.Release|x64.ActiveCfg = Release|x64
		{56E1308F-5996-3336-9920-E98814C75CE6}.MinSizeRel|x64.ActiveCfg = MinSizeRel|x64
		{56E1308F-5996-3336-9920-E98814C75CE6}.RelWithDebInfo|x64.ActiveCfg = RelWithDebInfo|x64
		{6AC2CB92-57F6-3DE5-A040-99F50E5F26C4}.Debug|x64.ActiveCfg = Debug|x64
		{6AC2CB92-57F6-3DE5-A040-99F50E5F26C4}.Debug|x64.Build.0 = Debug|x64
		{6AC2CB92-57F6-3DE5-A040-99F50E5F26C4}.Release|x64.ActiveCfg = Release|x64
		{6AC2CB92-57F6-3DE5-A040-99F50E5F26C4}.Release|x64.Build.0 = Release|x64
		{6AC2CB92-57F6-3DE5-A040-99F50E5F26C4}.MinSizeRel|x64.ActiveCfg = MinSizeRel|x64
		{6AC2CB92-57F6-3DE5-A040-99F50E5F26C4}.MinSizeRel|x64.Build.0 = MinSizeRel|x64
		{6AC2CB92-57F6-3DE5-A040-99F50E5F26C4}.RelWithDebInfo|x64.ActiveCfg = RelWithDebInfo|x64
		{6AC2CB92-57F6-3DE5-A040-99F50E5F26C4}.RelWithDebInfo|x64.Build.0 = RelWithDebInfo|x64
		{CFFED255-7AA7-31FE-8C4B-AEE9BA76C743}.Debug|x64.ActiveCfg = Debug|x64
		{CFFED255-7AA7-31FE-8C4B-AEE9BA76C743}.Release|x64.ActiveCfg = Release|x64
		{CFFED255-7AA7-31FE-8C4B-AEE9BA76C743}.MinSizeRel|x64.ActiveCfg = MinSizeRel|x64
		{CFFED255-7AA7-31FE-8C4B-AEE9BA76C743}.RelWithDebInfo|x64.ActiveCfg = RelWithDebInfo|x64
		{F4CD6983-A5FD-393A-8D41-2C00B72AC769}.Debug|x64.ActiveCfg = Debug|x64
		{F4CD6983-A5FD-393A-8D41-2C00B72AC769}.Debug|x64.Build.0 = Debug|x64
		{F4CD6983-A5FD-393A-8D41-2C00B72AC769}.Release|x64.ActiveCfg = Release|x64
		{F4CD6983-A5FD-393A-8D41-2C00B72AC769}.Release|x64.Build.0 = Release|x64
		{F4CD6983-A5FD-393A-8D41-2C00B72AC769}.MinSizeRel|x64.ActiveCfg = MinSizeRel|x64
		{F4CD6983-A5FD-393A-8D41-2C00B72AC769}.MinSizeRel|x64.Build.0 = MinSizeRel|x64
		{F4CD6983-A5FD-393A-8D41-2C00B72AC769}.RelWithDebInfo|x64.ActiveCfg = RelWithDebInfo|x64
		{F4CD6983-A5FD-393A-8D41-2C00B72AC769}.RelWithDebInfo|x64.Build.0 = RelWithDebInfo|x64
		{68B5C4BE-05EA-353C-B06E-9B8D53366A49}.Debug|x64.ActiveCfg = Debug|x64
		{68B5C4BE-05EA-353C-B06E-9B8D53366A49}.Debug|x64.Build.0 = Debug|x64
		{68B5C4BE-05EA-353C-B06E-9B8D53366A49}.Release|x64.ActiveCfg = Release|x64
		{68B5C4BE-05EA-353C-B06E-9B8D53366A49}.Release|x64.Build.0 = Release|x64
		{68B5C4BE-05EA-353C-B06E-9B8D53366A49}.MinSizeRel|x64.ActiveCfg = MinSizeRel|x64
		{68B5C4BE-05EA-353C-B06E-9B8D53366A49}.MinSizeRel|x64.Build.0 = MinSizeRel|x64
		{68B5C4BE-05EA-353C-B06E-9B8D53366A49}.RelWithDebInfo|x64.ActiveCfg = RelWithDebInfo|x64
		{68B5C4BE-05EA-353C-B06E-9B8D53366A49}.RelWithDebInfo|x64.Build.0 = RelWithDebInfo|x64
		{9BDE4A37-F0B8-3E0A-92EE-25388BC8CBB4}.Debug|x64.ActiveCfg = Debug|x64
		{9BDE4A37-F0B8-3E0A-92EE-25388BC8CBB4}.Release|x64.ActiveCfg = Release|x64
		{9BDE4A37-F0B8-3E0A-92EE-25388BC8CBB4}.MinSizeRel|x64.ActiveCfg = MinSizeRel|x64
		{9BDE4A37-F0B8-3E0A-92EE-25388BC8CBB4}.RelWithDebInfo|x64.ActiveCfg = RelWithDebInfo|x64
		{59D2B240-EEDE-32CB-A2AA-E0919753006B}.Debug|x64.ActiveCfg = Debug|x64
		{59D2B240-EEDE-32CB-A2AA-E0919753006B}.Debug|x64.Build.0 = Debug|x64
		{59D2B240-EEDE-32CB-A2AA-E0919753006B}.Release|x64.ActiveCfg = Release|x64
		{59D2B240-EEDE-32CB-A2AA-E0919753006B}.Release|x64.Build.0 = Release|x64
		{59D2B240-EEDE-32CB-A2AA-E0919753006B}.MinSizeRel|x64.ActiveCfg = MinSizeRel|x64
		{59D2B240-EEDE-32CB-A2AA-E0919753006B}.MinSizeRel|x64.Build.0 = MinSizeRel|x64
		{59D2B240-EEDE-32CB-A2AA-E0919753006B}.RelWithDebInfo|x64.ActiveCfg = RelWithDebInfo|x64
		{59D2B240-EEDE-32CB-A2AA-E0919753006B}.RelWithDebInfo|x64.Build.0 = RelWithDebInfo|x64
		{3A1B91A3-208A-353C-AFB7-2DC49C02A88E}.Debug|x64.ActiveCfg = Debug|x64
		{3A1B91A3-208A-353C-AFB7-2DC49C02A88E}.Debug|x64.Build.0 = Debug|x64
		{3A1B91A3-208A-353C-AFB7-2DC49C02A88E}.Release|x64.ActiveCfg = Release|x64
		{3A1B91A3-208A-353C-AFB7-2DC49C02A88E}.Release|x64.Build.0 = Release|x64
		{3A1B91A3-208A-353C-AFB7-2DC49C02A88E}.MinSizeRel|x64.ActiveCfg = MinSizeRel|x64
		{3A1B91A3-208A-353C-AFB7-2DC49C02A88E}.MinSizeRel|x64.Build.0 = MinSizeRel|x64
		{3A1B91A3-208A-353C-AFB7-2DC49C02A88E}.RelWithDebInfo|x64.ActiveCfg = RelWithDebInfo|x64
		{3A1B91A3-208A-353C-AFB7-2DC49C02A88E}.RelWithDebInfo|x64.Build.0 = RelWithDebInfo|x64
		{9BE68958-F4D0-308D-930C-B8A83094B4B1}.Debug|x64.ActiveCfg = Debug|x64
		{9BE68958-F4D0-308D-930C-B8A83094B4B1}.Debug|x64.Build.0 = Debug|x64
		{9BE68958-F4D0-308D-930C-B8A83094B4B1}.Release|x64.ActiveCfg = Release|x64
		{9BE68958-F4D0-308D-930C-B8A83094B4B1}.Release|x64.Build.0 = Release|x64
		{9BE68958-F4D0-308D-930C-B8A83094B4B1}.MinSizeRel|x64.ActiveCfg = MinSizeRel|x64
		{9BE68958-F4D0-308D-930C-B8A83094B4B1}.MinSizeRel|x64.Build.0 = MinSizeRel|x64
		{9BE68958-F4D0-308D-930C-B8A83094B4B1}.RelWithDebInfo|x64.ActiveCfg = RelWithDebInfo|x64
		{9BE68958-F4D0-308D-930C-B8A83094B4B1}.RelWithDebInfo|x64.Build.0 = RelWithDebInfo|x64
	EndGlobalSection
	GlobalSection(ExtensibilityGlobals) = postSolution
		SolutionGuid = {0664F810-8D18-3E81-9CA2-D44BAD2820E8}
	EndGlobalSection
	GlobalSection(ExtensibilityAddIns) = postSolution
	EndGlobalSection
EndGlobal
